
Microsoft Visual Studio Solution File, Format Version 12.00
# Visual Studio Version 16
VisualStudioVersion = 16.0.31129.286
MinimumVisualStudioVersion = 10.0.40219.1
Project("{FAE04EC0-301F-11D3-BF4B-00C04F79EFBC}") = "Dotnet.Teste.Core", "src\Dotnet.Teste.Core\Dotnet.Teste.Core.csproj", "{B1F57798-C15B-4EE8-BFE0-79B6A8E83B5D}"
EndProject
Project("{2150E333-8FDC-42A3-9474-1A3956D46DE8}") = "test", "test", "{3ABC4144-9FDC-4C37-828F-D39C1134F138}"
EndProject
Project("{FAE04EC0-301F-11D3-BF4B-00C04F79EFBC}") = "Dotnet.Teste.CoreTest", "Dotnet.Teste.CoreTest\Dotnet.Teste.CoreTest.csproj", "{86AD32C5-BCB7-4D70-ADB1-32BF68CF809B}"
EndProject
Global
	GlobalSection(SolutionConfigurationPlatforms) = preSolution
		Debug|Any CPU = Debug|Any CPU
		Release|Any CPU = Release|Any CPU
	EndGlobalSection
	GlobalSection(ProjectConfigurationPlatforms) = postSolution
		{B1F57798-C15B-4EE8-BFE0-79B6A8E83B5D}.Debug|Any CPU.ActiveCfg = Debug|Any CPU
		{B1F57798-C15B-4EE8-BFE0-79B6A8E83B5D}.Debug|Any CPU.Build.0 = Debug|Any CPU
		{B1F57798-C15B-4EE8-BFE0-79B6A8E83B5D}.Release|Any CPU.ActiveCfg = Release|Any CPU
		{B1F57798-C15B-4EE8-BFE0-79B6A8E83B5D}.Release|Any CPU.Build.0 = Release|Any CPU
		{86AD32C5-BCB7-4D70-ADB1-32BF68CF809B}.Debug|Any CPU.ActiveCfg = Debug|Any CPU
		{86AD32C5-BCB7-4D70-ADB1-32BF68CF809B}.Debug|Any CPU.Build.0 = Debug|Any CPU
		{86AD32C5-BCB7-4D70-ADB1-32BF68CF809B}.Release|Any CPU.ActiveCfg = Release|Any CPU
		{86AD32C5-BCB7-4D70-ADB1-32BF68CF809B}.Release|Any CPU.Build.0 = Release|Any CPU
	EndGlobalSection
	GlobalSection(SolutionProperties) = preSolution
		HideSolutionNode = FALSE
	EndGlobalSection
	GlobalSection(NestedProjects) = preSolution
		{86AD32C5-BCB7-4D70-ADB1-32BF68CF809B} = {3ABC4144-9FDC-4C37-828F-D39C1134F138}
	EndGlobalSection
	GlobalSection(ExtensibilityGlobals) = postSolution
		SolutionGuid = {70D985A2-9399-4201-9CC6-9146461A9C8B}
	EndGlobalSection
EndGlobal
