
Microsoft Visual Studio Solution File, Format Version 12.00
# Visual Studio Version 16
VisualStudioVersion = 16.0.31129.286
MinimumVisualStudioVersion = 10.0.40219.1
Project("{FAE04EC0-301F-11D3-BF4B-00C04F79EFBC}") = "Dotnet.Teste.App", "src\Dotnet.Teste.App\Dotnet.Teste.App.csproj", "{E1F7F7A3-0CFE-4AA0-A473-3D2B03C63399}"
EndProject
Project("{FAE04EC0-301F-11D3-BF4B-00C04F79EFBC}") = "Dotnet.Teste.Core", "src\Dotnet.Teste.Core\Dotnet.Teste.Core.csproj", "{73331DD8-9E25-498C-A648-20F3261B536A}"
EndProject
Project("{FAE04EC0-301F-11D3-BF4B-00C04F79EFBC}") = "Dotnet.Teste.Api", "src\Dotnet.Teste.Api\Dotnet.Teste.Api.csproj", "{0AF33AE0-55D9-4201-A46B-56982DB2D27B}"
EndProject
Global
	GlobalSection(SolutionConfigurationPlatforms) = preSolution
		Debug|Any CPU = Debug|Any CPU
		Release|Any CPU = Release|Any CPU
	EndGlobalSection
	GlobalSection(ProjectConfigurationPlatforms) = postSolution
		{E1F7F7A3-0CFE-4AA0-A473-3D2B03C63399}.Debug|Any CPU.ActiveCfg = Debug|Any CPU
		{E1F7F7A3-0CFE-4AA0-A473-3D2B03C63399}.Debug|Any CPU.Build.0 = Debug|Any CPU
		{E1F7F7A3-0CFE-4AA0-A473-3D2B03C63399}.Release|Any CPU.ActiveCfg = Release|Any CPU
		{E1F7F7A3-0CFE-4AA0-A473-3D2B03C63399}.Release|Any CPU.Build.0 = Release|Any CPU
		{73331DD8-9E25-498C-A648-20F3261B536A}.Debug|Any CPU.ActiveCfg = Debug|Any CPU
		{73331DD8-9E25-498C-A648-20F3261B536A}.Debug|Any CPU.Build.0 = Debug|Any CPU
		{73331DD8-9E25-498C-A648-20F3261B536A}.Release|Any CPU.ActiveCfg = Release|Any CPU
		{73331DD8-9E25-498C-A648-20F3261B536A}.Release|Any CPU.Build.0 = Release|Any CPU
		{0AF33AE0-55D9-4201-A46B-56982DB2D27B}.Debug|Any CPU.ActiveCfg = Debug|Any CPU
		{0AF33AE0-55D9-4201-A46B-56982DB2D27B}.Debug|Any CPU.Build.0 = Debug|Any CPU
		{0AF33AE0-55D9-4201-A46B-56982DB2D27B}.Release|Any CPU.ActiveCfg = Release|Any CPU
		{0AF33AE0-55D9-4201-A46B-56982DB2D27B}.Release|Any CPU.Build.0 = Release|Any CPU
	EndGlobalSection
	GlobalSection(SolutionProperties) = preSolution
		HideSolutionNode = FALSE
	EndGlobalSection
	GlobalSection(ExtensibilityGlobals) = postSolution
		SolutionGuid = {70D985A2-9399-4201-9CC6-9146461A9C8B}
	EndGlobalSection
EndGlobal
